// !$*UTF8*$!
{
	archiveVersion = 1;
	classes = {
	};
	objectVersion = 46;
	objects = {

/* Begin PBXBuildFile section */
		1505EAA91C77D13A00638C6A /* AppDelegate.swift in Sources */ = {isa = PBXBuildFile; fileRef = 1505EAA81C77D13A00638C6A /* AppDelegate.swift */; };
		1505EAAE1C77D13A00638C6A /* landing.storyboard in Resources */ = {isa = PBXBuildFile; fileRef = 1505EAAC1C77D13A00638C6A /* landing.storyboard */; };
		1505EAB01C77D13A00638C6A /* Assets.xcassets in Resources */ = {isa = PBXBuildFile; fileRef = 1505EAAF1C77D13A00638C6A /* Assets.xcassets */; };
		1505EAB31C77D13A00638C6A /* LaunchScreen.storyboard in Resources */ = {isa = PBXBuildFile; fileRef = 1505EAB11C77D13A00638C6A /* LaunchScreen.storyboard */; };
		1505EABE1C77D13A00638C6A /* EPICTests.swift in Sources */ = {isa = PBXBuildFile; fileRef = 1505EABD1C77D13A00638C6A /* EPICTests.swift */; };
		1505EAC91C77D13A00638C6A /* EPICUITests.swift in Sources */ = {isa = PBXBuildFile; fileRef = 1505EAC81C77D13A00638C6A /* EPICUITests.swift */; };
		1505EAD71C77D18600638C6A /* ParallaxView.xib in Resources */ = {isa = PBXBuildFile; fileRef = 1505EAD61C77D18600638C6A /* ParallaxView.xib */; };
		1505EB041C77D3E800638C6A /* FuturaLT-Bold.ttf in Resources */ = {isa = PBXBuildFile; fileRef = 1505EAF31C77D3E800638C6A /* FuturaLT-Bold.ttf */; };
		1505EB051C77D3E800638C6A /* FuturaLT-BoldOblique.ttf in Resources */ = {isa = PBXBuildFile; fileRef = 1505EAF41C77D3E800638C6A /* FuturaLT-BoldOblique.ttf */; };
		1505EB061C77D3E800638C6A /* FuturaLT-Book.ttf in Resources */ = {isa = PBXBuildFile; fileRef = 1505EAF51C77D3E800638C6A /* FuturaLT-Book.ttf */; };
		1505EB071C77D3E800638C6A /* FuturaLT-BookOblique.ttf in Resources */ = {isa = PBXBuildFile; fileRef = 1505EAF61C77D3E800638C6A /* FuturaLT-BookOblique.ttf */; };
		1505EB081C77D3E800638C6A /* FuturaLT-Condensed.ttf in Resources */ = {isa = PBXBuildFile; fileRef = 1505EAF71C77D3E800638C6A /* FuturaLT-Condensed.ttf */; };
		1505EB091C77D3E800638C6A /* FuturaLT-CondensedBold.ttf in Resources */ = {isa = PBXBuildFile; fileRef = 1505EAF81C77D3E800638C6A /* FuturaLT-CondensedBold.ttf */; };
		1505EB0A1C77D3E800638C6A /* FuturaLT-CondensedBoldOblique.ttf in Resources */ = {isa = PBXBuildFile; fileRef = 1505EAF91C77D3E800638C6A /* FuturaLT-CondensedBoldOblique.ttf */; };
		1505EB0B1C77D3E800638C6A /* FuturaLT-CondensedExtraBold.ttf in Resources */ = {isa = PBXBuildFile; fileRef = 1505EAFA1C77D3E800638C6A /* FuturaLT-CondensedExtraBold.ttf */; };
		1505EB0C1C77D3E800638C6A /* FuturaLT-CondensedLight.ttf in Resources */ = {isa = PBXBuildFile; fileRef = 1505EAFB1C77D3E800638C6A /* FuturaLT-CondensedLight.ttf */; };
		1505EB0D1C77D3E800638C6A /* FuturaLT-CondensedLightObl.ttf in Resources */ = {isa = PBXBuildFile; fileRef = 1505EAFC1C77D3E800638C6A /* FuturaLT-CondensedLightObl.ttf */; };
		1505EB0E1C77D3E800638C6A /* FuturaLT-CondensedOblique.ttf in Resources */ = {isa = PBXBuildFile; fileRef = 1505EAFD1C77D3E800638C6A /* FuturaLT-CondensedOblique.ttf */; };
		1505EB0F1C77D3E800638C6A /* FuturaLT-ExtraBold.ttf in Resources */ = {isa = PBXBuildFile; fileRef = 1505EAFE1C77D3E800638C6A /* FuturaLT-ExtraBold.ttf */; };
		1505EB101C77D3E800638C6A /* FuturaLT-ExtraBoldOblique.ttf in Resources */ = {isa = PBXBuildFile; fileRef = 1505EAFF1C77D3E800638C6A /* FuturaLT-ExtraBoldOblique.ttf */; };
		1505EB111C77D3E800638C6A /* FuturaLT-Heavy.ttf in Resources */ = {isa = PBXBuildFile; fileRef = 1505EB001C77D3E800638C6A /* FuturaLT-Heavy.ttf */; };
		1505EB121C77D3E800638C6A /* FuturaLT-HeavyOblique.ttf in Resources */ = {isa = PBXBuildFile; fileRef = 1505EB011C77D3E800638C6A /* FuturaLT-HeavyOblique.ttf */; };
		1505EB131C77D3E800638C6A /* FuturaLT-Light.ttf in Resources */ = {isa = PBXBuildFile; fileRef = 1505EB021C77D3E800638C6A /* FuturaLT-Light.ttf */; };
		1505EB141C77D3E800638C6A /* FuturaLT-LightOblique.ttf in Resources */ = {isa = PBXBuildFile; fileRef = 1505EB031C77D3E800638C6A /* FuturaLT-LightOblique.ttf */; };
		151D2AB01C795EA100516A32 /* NSDictionaryExtension.swift in Sources */ = {isa = PBXBuildFile; fileRef = 151D2AAF1C795EA100516A32 /* NSDictionaryExtension.swift */; };
		151D2AB21C79602100516A32 /* UIColorExtension.swift in Sources */ = {isa = PBXBuildFile; fileRef = 151D2AB11C79602100516A32 /* UIColorExtension.swift */; };
		151D2AB51C796D0400516A32 /* imageChannel.storyboard in Resources */ = {isa = PBXBuildFile; fileRef = 151D2AB41C796D0400516A32 /* imageChannel.storyboard */; };
		151D2AB71C79745800516A32 /* imageUICollectionViewCell.xib in Resources */ = {isa = PBXBuildFile; fileRef = 151D2AB61C79745800516A32 /* imageUICollectionViewCell.xib */; };
		151D2AB91C797BE600516A32 /* ImageChannelViewController.swift in Sources */ = {isa = PBXBuildFile; fileRef = 151D2AB81C797BE600516A32 /* ImageChannelViewController.swift */; };
		151D2ABD1C797D7F00516A32 /* DataSource.swift in Sources */ = {isa = PBXBuildFile; fileRef = 151D2ABC1C797D7F00516A32 /* DataSource.swift */; };
		151D2ABF1C79859C00516A32 /* imageUICollectionViewCell.swift in Sources */ = {isa = PBXBuildFile; fileRef = 151D2ABE1C79859C00516A32 /* imageUICollectionViewCell.swift */; };
		151D2AC11C79871000516A32 /* CollectionViewWaterfallLayout.swift in Sources */ = {isa = PBXBuildFile; fileRef = 151D2AC01C79871000516A32 /* CollectionViewWaterfallLayout.swift */; };
		151D2AD51C7A743400516A32 /* allUsersCollectionViewLayout.swift in Sources */ = {isa = PBXBuildFile; fileRef = 151D2AD41C7A743400516A32 /* allUsersCollectionViewLayout.swift */; };
		15314D721C7C02A2000A8E18 /* ParallaxView.swift in Sources */ = {isa = PBXBuildFile; fileRef = 15314D6F1C7C02A2000A8E18 /* ParallaxView.swift */; };
		15314D731C7C02A2000A8E18 /* CharPageControl.swift in Sources */ = {isa = PBXBuildFile; fileRef = 15314D701C7C02A2000A8E18 /* CharPageControl.swift */; };
		15314D741C7C02A2000A8E18 /* MotionManager.swift in Sources */ = {isa = PBXBuildFile; fileRef = 15314D711C7C02A2000A8E18 /* MotionManager.swift */; };
		15314D771C7C05DD000A8E18 /* ViewController.swift in Sources */ = {isa = PBXBuildFile; fileRef = 15314D751C7C05DD000A8E18 /* ViewController.swift */; };
		15314D781C7C05DD000A8E18 /* PresentationViewController.swift in Sources */ = {isa = PBXBuildFile; fileRef = 15314D761C7C05DD000A8E18 /* PresentationViewController.swift */; };
		15314D7A1C7C07DB000A8E18 /* TestViewController.swift in Sources */ = {isa = PBXBuildFile; fileRef = 15314D791C7C07DB000A8E18 /* TestViewController.swift */; };
		90664FB51C7B2CFB00B4456E /* ThumbView.swift in Sources */ = {isa = PBXBuildFile; fileRef = 90664FB41C7B2CFB00B4456E /* ThumbView.swift */; };
		90E63C2B1C7ABF2000AA3B12 /* AllUserDelegateController.swift in Sources */ = {isa = PBXBuildFile; fileRef = 90E63C2A1C7ABF2000AA3B12 /* AllUserDelegateController.swift */; };
		90E63C2D1C7AE7CA00AA3B12 /* UserThumbnailsView.swift in Sources */ = {isa = PBXBuildFile; fileRef = 90E63C2C1C7AE7CA00AA3B12 /* UserThumbnailsView.swift */; };
		90E63C301C7B25E000AA3B12 /* WebImage.framework in Frameworks */ = {isa = PBXBuildFile; fileRef = 90E63C2F1C7B25E000AA3B12 /* WebImage.framework */; };
		90E63C321C7B26F200AA3B12 /* WebImage.framework in Embed Frameworks */ = {isa = PBXBuildFile; fileRef = 90E63C2F1C7B25E000AA3B12 /* WebImage.framework */; settings = {ATTRIBUTES = (CodeSignOnCopy, RemoveHeadersOnCopy, ); }; };
/* End PBXBuildFile section */

/* Begin PBXContainerItemProxy section */
		1505EABA1C77D13A00638C6A /* PBXContainerItemProxy */ = {
			isa = PBXContainerItemProxy;
			containerPortal = 1505EA9D1C77D13A00638C6A /* Project object */;
			proxyType = 1;
			remoteGlobalIDString = 1505EAA41C77D13A00638C6A;
			remoteInfo = EPIC;
		};
		1505EAC51C77D13A00638C6A /* PBXContainerItemProxy */ = {
			isa = PBXContainerItemProxy;
			containerPortal = 1505EA9D1C77D13A00638C6A /* Project object */;
			proxyType = 1;
			remoteGlobalIDString = 1505EAA41C77D13A00638C6A;
			remoteInfo = EPIC;
		};
/* End PBXContainerItemProxy section */

/* Begin PBXCopyFilesBuildPhase section */
		90E63C331C7B26F200AA3B12 /* Embed Frameworks */ = {
			isa = PBXCopyFilesBuildPhase;
			buildActionMask = 2147483647;
			dstPath = "";
			dstSubfolderSpec = 10;
			files = (
				90E63C321C7B26F200AA3B12 /* WebImage.framework in Embed Frameworks */,
			);
			name = "Embed Frameworks";
			runOnlyForDeploymentPostprocessing = 0;
		};
/* End PBXCopyFilesBuildPhase section */

/* Begin PBXFileReference section */
		1505EAA51C77D13A00638C6A /* EPIC.app */ = {isa = PBXFileReference; explicitFileType = wrapper.application; includeInIndex = 0; path = EPIC.app; sourceTree = BUILT_PRODUCTS_DIR; };
		1505EAA81C77D13A00638C6A /* AppDelegate.swift */ = {isa = PBXFileReference; lastKnownFileType = sourcecode.swift; path = AppDelegate.swift; sourceTree = "<group>"; };
		1505EAAD1C77D13A00638C6A /* Base */ = {isa = PBXFileReference; lastKnownFileType = file.storyboard; name = Base; path = Base.lproj/landing.storyboard; sourceTree = "<group>"; };
		1505EAAF1C77D13A00638C6A /* Assets.xcassets */ = {isa = PBXFileReference; lastKnownFileType = folder.assetcatalog; path = Assets.xcassets; sourceTree = "<group>"; };
		1505EAB21C77D13A00638C6A /* Base */ = {isa = PBXFileReference; lastKnownFileType = file.storyboard; name = Base; path = Base.lproj/LaunchScreen.storyboard; sourceTree = "<group>"; };
		1505EAB41C77D13A00638C6A /* Info.plist */ = {isa = PBXFileReference; lastKnownFileType = text.plist.xml; path = Info.plist; sourceTree = "<group>"; };
		1505EAB91C77D13A00638C6A /* EPICTests.xctest */ = {isa = PBXFileReference; explicitFileType = wrapper.cfbundle; includeInIndex = 0; path = EPICTests.xctest; sourceTree = BUILT_PRODUCTS_DIR; };
		1505EABD1C77D13A00638C6A /* EPICTests.swift */ = {isa = PBXFileReference; lastKnownFileType = sourcecode.swift; path = EPICTests.swift; sourceTree = "<group>"; };
		1505EABF1C77D13A00638C6A /* Info.plist */ = {isa = PBXFileReference; lastKnownFileType = text.plist.xml; path = Info.plist; sourceTree = "<group>"; };
		1505EAC41C77D13A00638C6A /* EPICUITests.xctest */ = {isa = PBXFileReference; explicitFileType = wrapper.cfbundle; includeInIndex = 0; path = EPICUITests.xctest; sourceTree = BUILT_PRODUCTS_DIR; };
		1505EAC81C77D13A00638C6A /* EPICUITests.swift */ = {isa = PBXFileReference; lastKnownFileType = sourcecode.swift; path = EPICUITests.swift; sourceTree = "<group>"; };
		1505EACA1C77D13A00638C6A /* Info.plist */ = {isa = PBXFileReference; lastKnownFileType = text.plist.xml; path = Info.plist; sourceTree = "<group>"; };
		1505EAD61C77D18600638C6A /* ParallaxView.xib */ = {isa = PBXFileReference; fileEncoding = 4; lastKnownFileType = file.xib; path = ParallaxView.xib; sourceTree = "<group>"; };
		1505EAF31C77D3E800638C6A /* FuturaLT-Bold.ttf */ = {isa = PBXFileReference; lastKnownFileType = file; path = "FuturaLT-Bold.ttf"; sourceTree = "<group>"; };
		1505EAF41C77D3E800638C6A /* FuturaLT-BoldOblique.ttf */ = {isa = PBXFileReference; lastKnownFileType = file; path = "FuturaLT-BoldOblique.ttf"; sourceTree = "<group>"; };
		1505EAF51C77D3E800638C6A /* FuturaLT-Book.ttf */ = {isa = PBXFileReference; lastKnownFileType = file; path = "FuturaLT-Book.ttf"; sourceTree = "<group>"; };
		1505EAF61C77D3E800638C6A /* FuturaLT-BookOblique.ttf */ = {isa = PBXFileReference; lastKnownFileType = file; path = "FuturaLT-BookOblique.ttf"; sourceTree = "<group>"; };
		1505EAF71C77D3E800638C6A /* FuturaLT-Condensed.ttf */ = {isa = PBXFileReference; lastKnownFileType = file; path = "FuturaLT-Condensed.ttf"; sourceTree = "<group>"; };
		1505EAF81C77D3E800638C6A /* FuturaLT-CondensedBold.ttf */ = {isa = PBXFileReference; lastKnownFileType = file; path = "FuturaLT-CondensedBold.ttf"; sourceTree = "<group>"; };
		1505EAF91C77D3E800638C6A /* FuturaLT-CondensedBoldOblique.ttf */ = {isa = PBXFileReference; lastKnownFileType = file; path = "FuturaLT-CondensedBoldOblique.ttf"; sourceTree = "<group>"; };
		1505EAFA1C77D3E800638C6A /* FuturaLT-CondensedExtraBold.ttf */ = {isa = PBXFileReference; lastKnownFileType = file; path = "FuturaLT-CondensedExtraBold.ttf"; sourceTree = "<group>"; };
		1505EAFB1C77D3E800638C6A /* FuturaLT-CondensedLight.ttf */ = {isa = PBXFileReference; lastKnownFileType = file; path = "FuturaLT-CondensedLight.ttf"; sourceTree = "<group>"; };
		1505EAFC1C77D3E800638C6A /* FuturaLT-CondensedLightObl.ttf */ = {isa = PBXFileReference; lastKnownFileType = file; path = "FuturaLT-CondensedLightObl.ttf"; sourceTree = "<group>"; };
		1505EAFD1C77D3E800638C6A /* FuturaLT-CondensedOblique.ttf */ = {isa = PBXFileReference; lastKnownFileType = file; path = "FuturaLT-CondensedOblique.ttf"; sourceTree = "<group>"; };
		1505EAFE1C77D3E800638C6A /* FuturaLT-ExtraBold.ttf */ = {isa = PBXFileReference; lastKnownFileType = file; path = "FuturaLT-ExtraBold.ttf"; sourceTree = "<group>"; };
		1505EAFF1C77D3E800638C6A /* FuturaLT-ExtraBoldOblique.ttf */ = {isa = PBXFileReference; lastKnownFileType = file; path = "FuturaLT-ExtraBoldOblique.ttf"; sourceTree = "<group>"; };
		1505EB001C77D3E800638C6A /* FuturaLT-Heavy.ttf */ = {isa = PBXFileReference; lastKnownFileType = file; path = "FuturaLT-Heavy.ttf"; sourceTree = "<group>"; };
		1505EB011C77D3E800638C6A /* FuturaLT-HeavyOblique.ttf */ = {isa = PBXFileReference; lastKnownFileType = file; path = "FuturaLT-HeavyOblique.ttf"; sourceTree = "<group>"; };
		1505EB021C77D3E800638C6A /* FuturaLT-Light.ttf */ = {isa = PBXFileReference; lastKnownFileType = file; path = "FuturaLT-Light.ttf"; sourceTree = "<group>"; };
		1505EB031C77D3E800638C6A /* FuturaLT-LightOblique.ttf */ = {isa = PBXFileReference; lastKnownFileType = file; path = "FuturaLT-LightOblique.ttf"; sourceTree = "<group>"; };
		151D2AAF1C795EA100516A32 /* NSDictionaryExtension.swift */ = {isa = PBXFileReference; fileEncoding = 4; lastKnownFileType = sourcecode.swift; path = NSDictionaryExtension.swift; sourceTree = "<group>"; };
		151D2AB11C79602100516A32 /* UIColorExtension.swift */ = {isa = PBXFileReference; fileEncoding = 4; lastKnownFileType = sourcecode.swift; path = UIColorExtension.swift; sourceTree = "<group>"; };
		151D2AB41C796D0400516A32 /* imageChannel.storyboard */ = {isa = PBXFileReference; fileEncoding = 4; lastKnownFileType = file.storyboard; name = imageChannel.storyboard; path = Channel/imageChannel.storyboard; sourceTree = "<group>"; };
		151D2AB61C79745800516A32 /* imageUICollectionViewCell.xib */ = {isa = PBXFileReference; fileEncoding = 4; lastKnownFileType = file.xib; path = imageUICollectionViewCell.xib; sourceTree = "<group>"; };
		151D2AB81C797BE600516A32 /* ImageChannelViewController.swift */ = {isa = PBXFileReference; fileEncoding = 4; lastKnownFileType = sourcecode.swift; name = ImageChannelViewController.swift; path = Channel/ImageChannelViewController.swift; sourceTree = "<group>"; };
		151D2ABC1C797D7F00516A32 /* DataSource.swift */ = {isa = PBXFileReference; fileEncoding = 4; lastKnownFileType = sourcecode.swift; name = DataSource.swift; path = Channel/DataSource.swift; sourceTree = "<group>"; };
		151D2ABE1C79859C00516A32 /* imageUICollectionViewCell.swift */ = {isa = PBXFileReference; fileEncoding = 4; lastKnownFileType = sourcecode.swift; name = imageUICollectionViewCell.swift; path = Channel/imageUICollectionViewCell.swift; sourceTree = "<group>"; };
		151D2AC01C79871000516A32 /* CollectionViewWaterfallLayout.swift */ = {isa = PBXFileReference; fileEncoding = 4; lastKnownFileType = sourcecode.swift; path = CollectionViewWaterfallLayout.swift; sourceTree = "<group>"; };
		151D2AD41C7A743400516A32 /* allUsersCollectionViewLayout.swift */ = {isa = PBXFileReference; fileEncoding = 4; lastKnownFileType = sourcecode.swift; name = allUsersCollectionViewLayout.swift; path = Channel/allUsersCollectionViewLayout.swift; sourceTree = "<group>"; };
		15314D6F1C7C02A2000A8E18 /* ParallaxView.swift */ = {isa = PBXFileReference; fileEncoding = 4; lastKnownFileType = sourcecode.swift; path = ParallaxView.swift; sourceTree = "<group>"; };
		15314D701C7C02A2000A8E18 /* CharPageControl.swift */ = {isa = PBXFileReference; fileEncoding = 4; lastKnownFileType = sourcecode.swift; path = CharPageControl.swift; sourceTree = "<group>"; };
		15314D711C7C02A2000A8E18 /* MotionManager.swift */ = {isa = PBXFileReference; fileEncoding = 4; lastKnownFileType = sourcecode.swift; path = MotionManager.swift; sourceTree = "<group>"; };
		15314D751C7C05DD000A8E18 /* ViewController.swift */ = {isa = PBXFileReference; fileEncoding = 4; lastKnownFileType = sourcecode.swift; path = ViewController.swift; sourceTree = "<group>"; };
		15314D761C7C05DD000A8E18 /* PresentationViewController.swift */ = {isa = PBXFileReference; fileEncoding = 4; lastKnownFileType = sourcecode.swift; path = PresentationViewController.swift; sourceTree = "<group>"; };
		15314D791C7C07DB000A8E18 /* TestViewController.swift */ = {isa = PBXFileReference; fileEncoding = 4; lastKnownFileType = sourcecode.swift; path = TestViewController.swift; sourceTree = "<group>"; };
		90664FB41C7B2CFB00B4456E /* ThumbView.swift */ = {isa = PBXFileReference; fileEncoding = 4; lastKnownFileType = sourcecode.swift; name = ThumbView.swift; path = Channel/ThumbView.swift; sourceTree = "<group>"; };
		90E63C2A1C7ABF2000AA3B12 /* AllUserDelegateController.swift */ = {isa = PBXFileReference; fileEncoding = 4; lastKnownFileType = sourcecode.swift; name = AllUserDelegateController.swift; path = Channel/AllUserDelegateController.swift; sourceTree = "<group>"; };
		90E63C2C1C7AE7CA00AA3B12 /* UserThumbnailsView.swift */ = {isa = PBXFileReference; fileEncoding = 4; lastKnownFileType = sourcecode.swift; name = UserThumbnailsView.swift; path = Channel/UserThumbnailsView.swift; sourceTree = "<group>"; };
		90E63C2F1C7B25E000AA3B12 /* WebImage.framework */ = {isa = PBXFileReference; lastKnownFileType = wrapper.framework; path = WebImage.framework; sourceTree = "<group>"; };
/* End PBXFileReference section */

/* Begin PBXFrameworksBuildPhase section */
		1505EAA21C77D13A00638C6A /* Frameworks */ = {
			isa = PBXFrameworksBuildPhase;
			buildActionMask = 2147483647;
			files = (
				90E63C301C7B25E000AA3B12 /* WebImage.framework in Frameworks */,
			);
			runOnlyForDeploymentPostprocessing = 0;
		};
		1505EAB61C77D13A00638C6A /* Frameworks */ = {
			isa = PBXFrameworksBuildPhase;
			buildActionMask = 2147483647;
			files = (
			);
			runOnlyForDeploymentPostprocessing = 0;
		};
		1505EAC11C77D13A00638C6A /* Frameworks */ = {
			isa = PBXFrameworksBuildPhase;
			buildActionMask = 2147483647;
			files = (
			);
			runOnlyForDeploymentPostprocessing = 0;
		};
/* End PBXFrameworksBuildPhase section */

/* Begin PBXGroup section */
		1505EA9C1C77D13A00638C6A = {
			isa = PBXGroup;
			children = (
				1505EAA71C77D13A00638C6A /* EPIC */,
				1505EABC1C77D13A00638C6A /* EPICTests */,
				1505EAC71C77D13A00638C6A /* EPICUITests */,
				1505EAA61C77D13A00638C6A /* Products */,
			);
			sourceTree = "<group>";
		};
		1505EAA61C77D13A00638C6A /* Products */ = {
			isa = PBXGroup;
			children = (
				1505EAA51C77D13A00638C6A /* EPIC.app */,
				1505EAB91C77D13A00638C6A /* EPICTests.xctest */,
				1505EAC41C77D13A00638C6A /* EPICUITests.xctest */,
			);
			name = Products;
			sourceTree = "<group>";
		};
		1505EAA71C77D13A00638C6A /* EPIC */ = {
			isa = PBXGroup;
			children = (
				151D2AB31C7969A200516A32 /* Channel */,
				1505EAD81C77D23700638C6A /* Resources */,
				1505EAA81C77D13A00638C6A /* AppDelegate.swift */,
				90E63C2E1C7B25D800AA3B12 /* Frameworks */,
				1505EAEE1C77D32700638C6A /* Onboarding */,
				1505EAB11C77D13A00638C6A /* LaunchScreen.storyboard */,
				1505EAB41C77D13A00638C6A /* Info.plist */,
			);
			path = EPIC;
			sourceTree = "<group>";
		};
		1505EABC1C77D13A00638C6A /* EPICTests */ = {
			isa = PBXGroup;
			children = (
				1505EABD1C77D13A00638C6A /* EPICTests.swift */,
				1505EABF1C77D13A00638C6A /* Info.plist */,
			);
			path = EPICTests;
			sourceTree = "<group>";
		};
		1505EAC71C77D13A00638C6A /* EPICUITests */ = {
			isa = PBXGroup;
			children = (
				1505EAC81C77D13A00638C6A /* EPICUITests.swift */,
				1505EACA1C77D13A00638C6A /* Info.plist */,
			);
			path = EPICUITests;
			sourceTree = "<group>";
		};
		1505EAD81C77D23700638C6A /* Resources */ = {
			isa = PBXGroup;
			children = (
				1505EAAF1C77D13A00638C6A /* Assets.xcassets */,
				151D2AAF1C795EA100516A32 /* NSDictionaryExtension.swift */,
				151D2AB11C79602100516A32 /* UIColorExtension.swift */,
				1505EAD91C77D29E00638C6A /* Fonts */,
			);
			name = Resources;
			sourceTree = "<group>";
		};
		1505EAD91C77D29E00638C6A /* Fonts */ = {
			isa = PBXGroup;
			children = (
				1505EAFB1C77D3E800638C6A /* FuturaLT-CondensedLight.ttf */,
				1505EAFC1C77D3E800638C6A /* FuturaLT-CondensedLightObl.ttf */,
				1505EAF71C77D3E800638C6A /* FuturaLT-Condensed.ttf */,
				1505EAFD1C77D3E800638C6A /* FuturaLT-CondensedOblique.ttf */,
				1505EAF81C77D3E800638C6A /* FuturaLT-CondensedBold.ttf */,
				1505EAF91C77D3E800638C6A /* FuturaLT-CondensedBoldOblique.ttf */,
				1505EAFA1C77D3E800638C6A /* FuturaLT-CondensedExtraBold.ttf */,
				1505EB021C77D3E800638C6A /* FuturaLT-Light.ttf */,
				1505EB031C77D3E800638C6A /* FuturaLT-LightOblique.ttf */,
				1505EAF51C77D3E800638C6A /* FuturaLT-Book.ttf */,
				1505EAF61C77D3E800638C6A /* FuturaLT-BookOblique.ttf */,
				1505EB001C77D3E800638C6A /* FuturaLT-Heavy.ttf */,
				1505EB011C77D3E800638C6A /* FuturaLT-HeavyOblique.ttf */,
				1505EAF31C77D3E800638C6A /* FuturaLT-Bold.ttf */,
				1505EAF41C77D3E800638C6A /* FuturaLT-BoldOblique.ttf */,
				1505EAFE1C77D3E800638C6A /* FuturaLT-ExtraBold.ttf */,
				1505EAFF1C77D3E800638C6A /* FuturaLT-ExtraBoldOblique.ttf */,
			);
			name = Fonts;
			sourceTree = "<group>";
		};
		1505EAEE1C77D32700638C6A /* Onboarding */ = {
			isa = PBXGroup;
			children = (
				15314D751C7C05DD000A8E18 /* ViewController.swift */,
				15314D761C7C05DD000A8E18 /* PresentationViewController.swift */,
				15314D6F1C7C02A2000A8E18 /* ParallaxView.swift */,
				15314D791C7C07DB000A8E18 /* TestViewController.swift */,
				15314D701C7C02A2000A8E18 /* CharPageControl.swift */,
				15314D711C7C02A2000A8E18 /* MotionManager.swift */,
				1505EAAC1C77D13A00638C6A /* landing.storyboard */,
				1505EAD61C77D18600638C6A /* ParallaxView.xib */,
			);
			name = Onboarding;
			sourceTree = "<group>";
		};
		151D2AB31C7969A200516A32 /* Channel */ = {
			isa = PBXGroup;
			children = (
				151D2AB41C796D0400516A32 /* imageChannel.storyboard */,
				151D2AB61C79745800516A32 /* imageUICollectionViewCell.xib */,
				151D2ABE1C79859C00516A32 /* imageUICollectionViewCell.swift */,
				151D2AB81C797BE600516A32 /* ImageChannelViewController.swift */,
				151D2ABC1C797D7F00516A32 /* DataSource.swift */,
				151D2AD41C7A743400516A32 /* allUsersCollectionViewLayout.swift */,
				151D2AC01C79871000516A32 /* CollectionViewWaterfallLayout.swift */,
				90E63C2A1C7ABF2000AA3B12 /* AllUserDelegateController.swift */,
				90E63C2C1C7AE7CA00AA3B12 /* UserThumbnailsView.swift */,
				90664FB41C7B2CFB00B4456E /* ThumbView.swift */,
			);
			name = Channel;
			sourceTree = "<group>";
		};
		90E63C2E1C7B25D800AA3B12 /* Frameworks */ = {
			isa = PBXGroup;
			children = (
				90E63C2F1C7B25E000AA3B12 /* WebImage.framework */,
			);
			path = Frameworks;
			sourceTree = "<group>";
		};
/* End PBXGroup section */

/* Begin PBXNativeTarget section */
		1505EAA41C77D13A00638C6A /* EPIC */ = {
			isa = PBXNativeTarget;
			buildConfigurationList = 1505EACD1C77D13A00638C6A /* Build configuration list for PBXNativeTarget "EPIC" */;
			buildPhases = (
				1505EAA11C77D13A00638C6A /* Sources */,
				1505EAA21C77D13A00638C6A /* Frameworks */,
				1505EAA31C77D13A00638C6A /* Resources */,
				90E63C331C7B26F200AA3B12 /* Embed Frameworks */,
			);
			buildRules = (
			);
			dependencies = (
			);
			name = EPIC;
			productName = EPIC;
			productReference = 1505EAA51C77D13A00638C6A /* EPIC.app */;
			productType = "com.apple.product-type.application";
		};
		1505EAB81C77D13A00638C6A /* EPICTests */ = {
			isa = PBXNativeTarget;
			buildConfigurationList = 1505EAD01C77D13A00638C6A /* Build configuration list for PBXNativeTarget "EPICTests" */;
			buildPhases = (
				1505EAB51C77D13A00638C6A /* Sources */,
				1505EAB61C77D13A00638C6A /* Frameworks */,
				1505EAB71C77D13A00638C6A /* Resources */,
			);
			buildRules = (
			);
			dependencies = (
				1505EABB1C77D13A00638C6A /* PBXTargetDependency */,
			);
			name = EPICTests;
			productName = EPICTests;
			productReference = 1505EAB91C77D13A00638C6A /* EPICTests.xctest */;
			productType = "com.apple.product-type.bundle.unit-test";
		};
		1505EAC31C77D13A00638C6A /* EPICUITests */ = {
			isa = PBXNativeTarget;
			buildConfigurationList = 1505EAD31C77D13A00638C6A /* Build configuration list for PBXNativeTarget "EPICUITests" */;
			buildPhases = (
				1505EAC01C77D13A00638C6A /* Sources */,
				1505EAC11C77D13A00638C6A /* Frameworks */,
				1505EAC21C77D13A00638C6A /* Resources */,
			);
			buildRules = (
			);
			dependencies = (
				1505EAC61C77D13A00638C6A /* PBXTargetDependency */,
			);
			name = EPICUITests;
			productName = EPICUITests;
			productReference = 1505EAC41C77D13A00638C6A /* EPICUITests.xctest */;
			productType = "com.apple.product-type.bundle.ui-testing";
		};
/* End PBXNativeTarget section */

/* Begin PBXProject section */
		1505EA9D1C77D13A00638C6A /* Project object */ = {
			isa = PBXProject;
			attributes = {
				LastSwiftUpdateCheck = 0720;
				LastUpgradeCheck = 0720;
				ORGANIZATIONNAME = "VIRAKRI JINANGKUL";
				TargetAttributes = {
					1505EAA41C77D13A00638C6A = {
						CreatedOnToolsVersion = 7.2.1;
					};
					1505EAB81C77D13A00638C6A = {
						CreatedOnToolsVersion = 7.2.1;
						TestTargetID = 1505EAA41C77D13A00638C6A;
					};
					1505EAC31C77D13A00638C6A = {
						CreatedOnToolsVersion = 7.2.1;
						TestTargetID = 1505EAA41C77D13A00638C6A;
					};
				};
			};
			buildConfigurationList = 1505EAA01C77D13A00638C6A /* Build configuration list for PBXProject "EPIC" */;
			compatibilityVersion = "Xcode 3.2";
			developmentRegion = English;
			hasScannedForEncodings = 0;
			knownRegions = (
				en,
				Base,
			);
			mainGroup = 1505EA9C1C77D13A00638C6A;
			productRefGroup = 1505EAA61C77D13A00638C6A /* Products */;
			projectDirPath = "";
			projectRoot = "";
			targets = (
				1505EAA41C77D13A00638C6A /* EPIC */,
				1505EAB81C77D13A00638C6A /* EPICTests */,
				1505EAC31C77D13A00638C6A /* EPICUITests */,
			);
		};
/* End PBXProject section */

/* Begin PBXResourcesBuildPhase section */
		1505EAA31C77D13A00638C6A /* Resources */ = {
			isa = PBXResourcesBuildPhase;
			buildActionMask = 2147483647;
			files = (
				1505EB101C77D3E800638C6A /* FuturaLT-ExtraBoldOblique.ttf in Resources */,
				151D2AB51C796D0400516A32 /* imageChannel.storyboard in Resources */,
				1505EB061C77D3E800638C6A /* FuturaLT-Book.ttf in Resources */,
				1505EB131C77D3E800638C6A /* FuturaLT-Light.ttf in Resources */,
				1505EAB31C77D13A00638C6A /* LaunchScreen.storyboard in Resources */,
				1505EB111C77D3E800638C6A /* FuturaLT-Heavy.ttf in Resources */,
				1505EB091C77D3E800638C6A /* FuturaLT-CondensedBold.ttf in Resources */,
				1505EAD71C77D18600638C6A /* ParallaxView.xib in Resources */,
				1505EB141C77D3E800638C6A /* FuturaLT-LightOblique.ttf in Resources */,
				1505EB121C77D3E800638C6A /* FuturaLT-HeavyOblique.ttf in Resources */,
				1505EAB01C77D13A00638C6A /* Assets.xcassets in Resources */,
				1505EB0C1C77D3E800638C6A /* FuturaLT-CondensedLight.ttf in Resources */,
				1505EB0B1C77D3E800638C6A /* FuturaLT-CondensedExtraBold.ttf in Resources */,
				1505EB071C77D3E800638C6A /* FuturaLT-BookOblique.ttf in Resources */,
				1505EAAE1C77D13A00638C6A /* landing.storyboard in Resources */,
				151D2AB71C79745800516A32 /* imageUICollectionViewCell.xib in Resources */,
				1505EB051C77D3E800638C6A /* FuturaLT-BoldOblique.ttf in Resources */,
				1505EB081C77D3E800638C6A /* FuturaLT-Condensed.ttf in Resources */,
				1505EB0A1C77D3E800638C6A /* FuturaLT-CondensedBoldOblique.ttf in Resources */,
				1505EB0D1C77D3E800638C6A /* FuturaLT-CondensedLightObl.ttf in Resources */,
				1505EB041C77D3E800638C6A /* FuturaLT-Bold.ttf in Resources */,
				1505EB0E1C77D3E800638C6A /* FuturaLT-CondensedOblique.ttf in Resources */,
				1505EB0F1C77D3E800638C6A /* FuturaLT-ExtraBold.ttf in Resources */,
			);
			runOnlyForDeploymentPostprocessing = 0;
		};
		1505EAB71C77D13A00638C6A /* Resources */ = {
			isa = PBXResourcesBuildPhase;
			buildActionMask = 2147483647;
			files = (
			);
			runOnlyForDeploymentPostprocessing = 0;
		};
		1505EAC21C77D13A00638C6A /* Resources */ = {
			isa = PBXResourcesBuildPhase;
			buildActionMask = 2147483647;
			files = (
			);
			runOnlyForDeploymentPostprocessing = 0;
		};
/* End PBXResourcesBuildPhase section */

/* Begin PBXSourcesBuildPhase section */
		1505EAA11C77D13A00638C6A /* Sources */ = {
			isa = PBXSourcesBuildPhase;
			buildActionMask = 2147483647;
			files = (
				151D2ABD1C797D7F00516A32 /* DataSource.swift in Sources */,
				15314D7A1C7C07DB000A8E18 /* TestViewController.swift in Sources */,
				15314D721C7C02A2000A8E18 /* ParallaxView.swift in Sources */,
				151D2AB01C795EA100516A32 /* NSDictionaryExtension.swift in Sources */,
				90E63C2D1C7AE7CA00AA3B12 /* UserThumbnailsView.swift in Sources */,
				15314D781C7C05DD000A8E18 /* PresentationViewController.swift in Sources */,
				151D2AC11C79871000516A32 /* CollectionViewWaterfallLayout.swift in Sources */,
				151D2ABF1C79859C00516A32 /* imageUICollectionViewCell.swift in Sources */,
				151D2AD51C7A743400516A32 /* allUsersCollectionViewLayout.swift in Sources */,
				151D2AB21C79602100516A32 /* UIColorExtension.swift in Sources */,
				15314D771C7C05DD000A8E18 /* ViewController.swift in Sources */,
				15314D741C7C02A2000A8E18 /* MotionManager.swift in Sources */,
				90664FB51C7B2CFB00B4456E /* ThumbView.swift in Sources */,
				15314D731C7C02A2000A8E18 /* CharPageControl.swift in Sources */,
				90E63C2B1C7ABF2000AA3B12 /* AllUserDelegateController.swift in Sources */,
				151D2AB91C797BE600516A32 /* ImageChannelViewController.swift in Sources */,
				1505EAA91C77D13A00638C6A /* AppDelegate.swift in Sources */,
			);
			runOnlyForDeploymentPostprocessing = 0;
		};
		1505EAB51C77D13A00638C6A /* Sources */ = {
			isa = PBXSourcesBuildPhase;
			buildActionMask = 2147483647;
			files = (
				1505EABE1C77D13A00638C6A /* EPICTests.swift in Sources */,
			);
			runOnlyForDeploymentPostprocessing = 0;
		};
		1505EAC01C77D13A00638C6A /* Sources */ = {
			isa = PBXSourcesBuildPhase;
			buildActionMask = 2147483647;
			files = (
				1505EAC91C77D13A00638C6A /* EPICUITests.swift in Sources */,
			);
			runOnlyForDeploymentPostprocessing = 0;
		};
/* End PBXSourcesBuildPhase section */

/* Begin PBXTargetDependency section */
		1505EABB1C77D13A00638C6A /* PBXTargetDependency */ = {
			isa = PBXTargetDependency;
			target = 1505EAA41C77D13A00638C6A /* EPIC */;
			targetProxy = 1505EABA1C77D13A00638C6A /* PBXContainerItemProxy */;
		};
		1505EAC61C77D13A00638C6A /* PBXTargetDependency */ = {
			isa = PBXTargetDependency;
			target = 1505EAA41C77D13A00638C6A /* EPIC */;
			targetProxy = 1505EAC51C77D13A00638C6A /* PBXContainerItemProxy */;
		};
/* End PBXTargetDependency section */

/* Begin PBXVariantGroup section */
		1505EAAC1C77D13A00638C6A /* landing.storyboard */ = {
			isa = PBXVariantGroup;
			children = (
				1505EAAD1C77D13A00638C6A /* Base */,
			);
			name = landing.storyboard;
			sourceTree = "<group>";
		};
		1505EAB11C77D13A00638C6A /* LaunchScreen.storyboard */ = {
			isa = PBXVariantGroup;
			children = (
				1505EAB21C77D13A00638C6A /* Base */,
			);
			name = LaunchScreen.storyboard;
			sourceTree = "<group>";
		};
/* End PBXVariantGroup section */

/* Begin XCBuildConfiguration section */
		1505EACB1C77D13A00638C6A /* Debug */ = {
			isa = XCBuildConfiguration;
			buildSettings = {
				ALWAYS_SEARCH_USER_PATHS = NO;
				CLANG_CXX_LANGUAGE_STANDARD = "gnu++0x";
				CLANG_CXX_LIBRARY = "libc++";
				CLANG_ENABLE_MODULES = YES;
				CLANG_ENABLE_OBJC_ARC = YES;
				CLANG_WARN_BOOL_CONVERSION = YES;
				CLANG_WARN_CONSTANT_CONVERSION = YES;
				CLANG_WARN_DIRECT_OBJC_ISA_USAGE = YES_ERROR;
				CLANG_WARN_EMPTY_BODY = YES;
				CLANG_WARN_ENUM_CONVERSION = YES;
				CLANG_WARN_INT_CONVERSION = YES;
				CLANG_WARN_OBJC_ROOT_CLASS = YES_ERROR;
				CLANG_WARN_UNREACHABLE_CODE = YES;
				CLANG_WARN__DUPLICATE_METHOD_MATCH = YES;
				"CODE_SIGN_IDENTITY[sdk=iphoneos*]" = "iPhone Developer";
				COPY_PHASE_STRIP = NO;
				DEBUG_INFORMATION_FORMAT = dwarf;
				ENABLE_STRICT_OBJC_MSGSEND = YES;
				ENABLE_TESTABILITY = YES;
				GCC_C_LANGUAGE_STANDARD = gnu99;
				GCC_DYNAMIC_NO_PIC = NO;
				GCC_NO_COMMON_BLOCKS = YES;
				GCC_OPTIMIZATION_LEVEL = 0;
				GCC_PREPROCESSOR_DEFINITIONS = (
					"DEBUG=1",
					"$(inherited)",
				);
				GCC_WARN_64_TO_32_BIT_CONVERSION = YES;
				GCC_WARN_ABOUT_RETURN_TYPE = YES_ERROR;
				GCC_WARN_UNDECLARED_SELECTOR = YES;
				GCC_WARN_UNINITIALIZED_AUTOS = YES_AGGRESSIVE;
				GCC_WARN_UNUSED_FUNCTION = YES;
				GCC_WARN_UNUSED_VARIABLE = YES;
				IPHONEOS_DEPLOYMENT_TARGET = 9.2;
				MTL_ENABLE_DEBUG_INFO = YES;
				ONLY_ACTIVE_ARCH = YES;
				SDKROOT = iphoneos;
				SWIFT_OPTIMIZATION_LEVEL = "-Onone";
			};
			name = Debug;
		};
		1505EACC1C77D13A00638C6A /* Release */ = {
			isa = XCBuildConfiguration;
			buildSettings = {
				ALWAYS_SEARCH_USER_PATHS = NO;
				CLANG_CXX_LANGUAGE_STANDARD = "gnu++0x";
				CLANG_CXX_LIBRARY = "libc++";
				CLANG_ENABLE_MODULES = YES;
				CLANG_ENABLE_OBJC_ARC = YES;
				CLANG_WARN_BOOL_CONVERSION = YES;
				CLANG_WARN_CONSTANT_CONVERSION = YES;
				CLANG_WARN_DIRECT_OBJC_ISA_USAGE = YES_ERROR;
				CLANG_WARN_EMPTY_BODY = YES;
				CLANG_WARN_ENUM_CONVERSION = YES;
				CLANG_WARN_INT_CONVERSION = YES;
				CLANG_WARN_OBJC_ROOT_CLASS = YES_ERROR;
				CLANG_WARN_UNREACHABLE_CODE = YES;
				CLANG_WARN__DUPLICATE_METHOD_MATCH = YES;
				"CODE_SIGN_IDENTITY[sdk=iphoneos*]" = "iPhone Developer";
				COPY_PHASE_STRIP = NO;
				DEBUG_INFORMATION_FORMAT = "dwarf-with-dsym";
				ENABLE_NS_ASSERTIONS = NO;
				ENABLE_STRICT_OBJC_MSGSEND = YES;
				GCC_C_LANGUAGE_STANDARD = gnu99;
				GCC_NO_COMMON_BLOCKS = YES;
				GCC_WARN_64_TO_32_BIT_CONVERSION = YES;
				GCC_WARN_ABOUT_RETURN_TYPE = YES_ERROR;
				GCC_WARN_UNDECLARED_SELECTOR = YES;
				GCC_WARN_UNINITIALIZED_AUTOS = YES_AGGRESSIVE;
				GCC_WARN_UNUSED_FUNCTION = YES;
				GCC_WARN_UNUSED_VARIABLE = YES;
				IPHONEOS_DEPLOYMENT_TARGET = 9.2;
				MTL_ENABLE_DEBUG_INFO = NO;
				SDKROOT = iphoneos;
				VALIDATE_PRODUCT = YES;
			};
			name = Release;
		};
		1505EACE1C77D13A00638C6A /* Debug */ = {
			isa = XCBuildConfiguration;
			buildSettings = {
				ASSETCATALOG_COMPILER_APPICON_NAME = AppIcon;
				FRAMEWORK_SEARCH_PATHS = (
					"$(inherited)",
					"$(PROJECT_DIR)/EPIC/Frameworks",
				);
				INFOPLIST_FILE = EPIC/Info.plist;
				IPHONEOS_DEPLOYMENT_TARGET = 9.0;
				LD_RUNPATH_SEARCH_PATHS = "$(inherited) @executable_path/Frameworks";
				PRODUCT_BUNDLE_IDENTIFIER = com.virakri.app.EPIC;
				PRODUCT_NAME = "$(TARGET_NAME)";
			};
			name = Debug;
		};
		1505EACF1C77D13A00638C6A /* Release */ = {
			isa = XCBuildConfiguration;
			buildSettings = {
				ASSETCATALOG_COMPILER_APPICON_NAME = AppIcon;
				FRAMEWORK_SEARCH_PATHS = (
					"$(inherited)",
					"$(PROJECT_DIR)/EPIC/Frameworks",
				);
				INFOPLIST_FILE = EPIC/Info.plist;
				IPHONEOS_DEPLOYMENT_TARGET = 9.0;
				LD_RUNPATH_SEARCH_PATHS = "$(inherited) @executable_path/Frameworks";
				PRODUCT_BUNDLE_IDENTIFIER = com.virakri.app.EPIC;
				PRODUCT_NAME = "$(TARGET_NAME)";
			};
			name = Release;
		};
		1505EAD11C77D13A00638C6A /* Debug */ = {
			isa = XCBuildConfiguration;
			buildSettings = {
				BUNDLE_LOADER = "$(TEST_HOST)";
				INFOPLIST_FILE = EPICTests/Info.plist;
				LD_RUNPATH_SEARCH_PATHS = "$(inherited) @executable_path/Frameworks @loader_path/Frameworks";
				PRODUCT_BUNDLE_IDENTIFIER = com.virakri.app.EPICTests;
				PRODUCT_NAME = "$(TARGET_NAME)";
				TEST_HOST = "$(BUILT_PRODUCTS_DIR)/EPIC.app/EPIC";
			};
			name = Debug;
		};
		1505EAD21C77D13A00638C6A /* Release */ = {
			isa = XCBuildConfiguration;
			buildSettings = {
				BUNDLE_LOADER = "$(TEST_HOST)";
				INFOPLIST_FILE = EPICTests/Info.plist;
				LD_RUNPATH_SEARCH_PATHS = "$(inherited) @executable_path/Frameworks @loader_path/Frameworks";
				PRODUCT_BUNDLE_IDENTIFIER = com.virakri.app.EPICTests;
				PRODUCT_NAME = "$(TARGET_NAME)";
				TEST_HOST = "$(BUILT_PRODUCTS_DIR)/EPIC.app/EPIC";
			};
			name = Release;
		};
		1505EAD41C77D13A00638C6A /* Debug */ = {
			isa = XCBuildConfiguration;
			buildSettings = {
				INFOPLIST_FILE = EPICUITests/Info.plist;
				LD_RUNPATH_SEARCH_PATHS = "$(inherited) @executable_path/Frameworks @loader_path/Frameworks";
				PRODUCT_BUNDLE_IDENTIFIER = com.virakri.app.EPICUITests;
				PRODUCT_NAME = "$(TARGET_NAME)";
				TEST_TARGET_NAME = EPIC;
				USES_XCTRUNNER = YES;
			};
			name = Debug;
		};
		1505EAD51C77D13A00638C6A /* Release */ = {
			isa = XCBuildConfiguration;
			buildSettings = {
				INFOPLIST_FILE = EPICUITests/Info.plist;
				LD_RUNPATH_SEARCH_PATHS = "$(inherited) @executable_path/Frameworks @loader_path/Frameworks";
				PRODUCT_BUNDLE_IDENTIFIER = com.virakri.app.EPICUITests;
				PRODUCT_NAME = "$(TARGET_NAME)";
				TEST_TARGET_NAME = EPIC;
				USES_XCTRUNNER = YES;
			};
			name = Release;
		};
/* End XCBuildConfiguration section */

/* Begin XCConfigurationList section */
		1505EAA01C77D13A00638C6A /* Build configuration list for PBXProject "EPIC" */ = {
			isa = XCConfigurationList;
			buildConfigurations = (
				1505EACB1C77D13A00638C6A /* Debug */,
				1505EACC1C77D13A00638C6A /* Release */,
			);
			defaultConfigurationIsVisible = 0;
			defaultConfigurationName = Release;
		};
		1505EACD1C77D13A00638C6A /* Build configuration list for PBXNativeTarget "EPIC" */ = {
			isa = XCConfigurationList;
			buildConfigurations = (
				1505EACE1C77D13A00638C6A /* Debug */,
				1505EACF1C77D13A00638C6A /* Release */,
			);
			defaultConfigurationIsVisible = 0;
			defaultConfigurationName = Release;
		};
		1505EAD01C77D13A00638C6A /* Build configuration list for PBXNativeTarget "EPICTests" */ = {
			isa = XCConfigurationList;
			buildConfigurations = (
				1505EAD11C77D13A00638C6A /* Debug */,
				1505EAD21C77D13A00638C6A /* Release */,
			);
			defaultConfigurationIsVisible = 0;
			defaultConfigurationName = Release;
		};
		1505EAD31C77D13A00638C6A /* Build configuration list for PBXNativeTarget "EPICUITests" */ = {
			isa = XCConfigurationList;
			buildConfigurations = (
				1505EAD41C77D13A00638C6A /* Debug */,
				1505EAD51C77D13A00638C6A /* Release */,
			);
			defaultConfigurationIsVisible = 0;
			defaultConfigurationName = Release;
		};
/* End XCConfigurationList section */
	};
	rootObject = 1505EA9D1C77D13A00638C6A /* Project object */;
}
